
Microsoft Visual Studio Solution File, Format Version 12.00
# Visual Studio Version 16
VisualStudioVersion = 16.0.30225.117
MinimumVisualStudioVersion = 10.0.40219.1
Project("{FAE04EC0-301F-11D3-BF4B-00C04F79EFBC}") = "Nuevo", "Nuevo\Nuevo.csproj", "{9D4BFCCC-59A5-4161-B8CB-815E5A8091FF}"
EndProject
Global
	GlobalSection(SolutionConfigurationPlatforms) = preSolution
		Debug|Any CPU = Debug|Any CPU
		Release|Any CPU = Release|Any CPU
	EndGlobalSection
	GlobalSection(ProjectConfigurationPlatforms) = postSolution
		{9D4BFCCC-59A5-4161-B8CB-815E5A8091FF}.Debug|Any CPU.ActiveCfg = Debug|Any CPU
		{9D4BFCCC-59A5-4161-B8CB-815E5A8091FF}.Debug|Any CPU.Build.0 = Debug|Any CPU
		{9D4BFCCC-59A5-4161-B8CB-815E5A8091FF}.Release|Any CPU.ActiveCfg = Release|Any CPU
		{9D4BFCCC-59A5-4161-B8CB-815E5A8091FF}.Release|Any CPU.Build.0 = Release|Any CPU
	EndGlobalSection
	GlobalSection(SolutionProperties) = preSolution
		HideSolutionNode = FALSE
	EndGlobalSection
	GlobalSection(ExtensibilityGlobals) = postSolution
		SolutionGuid = {549D3EE2-B8A7-4478-B737-E2F6BDE7BE5F}
	EndGlobalSection
EndGlobal
